
Microsoft Visual Studio Solution File, Format Version 12.00
# Visual Studio Version 17
VisualStudioVersion = 17.4.33205.214
MinimumVisualStudioVersion = 10.0.40219.1
Project("{9A19103F-16F7-4668-BE54-9A1E7A4F7556}") = "FAKA.Server", "FAKA.Server.csproj", "{5F1BA041-EEBF-42CF-AAE0-69082DA9A363}"
EndProject
Project("{9A19103F-16F7-4668-BE54-9A1E7A4F7556}") = "FAKA.Client", "..\FAKA.Client\FAKA.Client.csproj", "{DB4CFBAC-7674-4DA7-A76B-D54B6D0F238B}"
EndProject
Global
	GlobalSection(SolutionConfigurationPlatforms) = preSolution
		Debug|Any CPU = Debug|Any CPU
		Release|Any CPU = Release|Any CPU
	EndGlobalSection
	GlobalSection(ProjectConfigurationPlatforms) = postSolution
		{5F1BA041-EEBF-42CF-AAE0-69082DA9A363}.Debug|Any CPU.ActiveCfg = Debug|Any CPU
		{5F1BA041-EEBF-42CF-AAE0-69082DA9A363}.Debug|Any CPU.Build.0 = Debug|Any CPU
		{5F1BA041-EEBF-42CF-AAE0-69082DA9A363}.Release|Any CPU.ActiveCfg = Release|Any CPU
		{5F1BA041-EEBF-42CF-AAE0-69082DA9A363}.Release|Any CPU.Build.0 = Release|Any CPU
		{DB4CFBAC-7674-4DA7-A76B-D54B6D0F238B}.Debug|Any CPU.ActiveCfg = Debug|Any CPU
		{DB4CFBAC-7674-4DA7-A76B-D54B6D0F238B}.Debug|Any CPU.Build.0 = Debug|Any CPU
		{DB4CFBAC-7674-4DA7-A76B-D54B6D0F238B}.Release|Any CPU.ActiveCfg = Release|Any CPU
		{DB4CFBAC-7674-4DA7-A76B-D54B6D0F238B}.Release|Any CPU.Build.0 = Release|Any CPU
	EndGlobalSection
	GlobalSection(SolutionProperties) = preSolution
		HideSolutionNode = FALSE
	EndGlobalSection
	GlobalSection(ExtensibilityGlobals) = postSolution
		SolutionGuid = {FEB1FF97-F089-4C80-AC0C-F7871B145A2A}
	EndGlobalSection
EndGlobal
